
Microsoft Visual Studio Solution File, Format Version 12.00
# Visual Studio Version 16
VisualStudioVersion = 16.0.31205.134
MinimumVisualStudioVersion = 10.0.40219.1
Project("{FAE04EC0-301F-11D3-BF4B-00C04F79EFBC}") = "Business", "Business\Business.csproj", "{3745C6A7-7F45-4F27-B516-D2D6867D9903}"
EndProject
Project("{FAE04EC0-301F-11D3-BF4B-00C04F79EFBC}") = "Business.Domain", "Business.Domain\Business.Domain.csproj", "{5E9AD453-24E8-45C1-96C9-633A65D8ACA7}"
EndProject
Project("{FAE04EC0-301F-11D3-BF4B-00C04F79EFBC}") = "Business.Infrastructure", "Business.Infrastructure\Business.Infrastructure.csproj", "{C3AFB3E8-0C40-4955-82B8-60A903C72B01}"
EndProject
Global
	GlobalSection(SolutionConfigurationPlatforms) = preSolution
		Debug|Any CPU = Debug|Any CPU
		Release|Any CPU = Release|Any CPU
	EndGlobalSection
	GlobalSection(ProjectConfigurationPlatforms) = postSolution
		{3745C6A7-7F45-4F27-B516-D2D6867D9903}.Debug|Any CPU.ActiveCfg = Debug|Any CPU
		{3745C6A7-7F45-4F27-B516-D2D6867D9903}.Debug|Any CPU.Build.0 = Debug|Any CPU
		{3745C6A7-7F45-4F27-B516-D2D6867D9903}.Release|Any CPU.ActiveCfg = Release|Any CPU
		{3745C6A7-7F45-4F27-B516-D2D6867D9903}.Release|Any CPU.Build.0 = Release|Any CPU
		{5E9AD453-24E8-45C1-96C9-633A65D8ACA7}.Debug|Any CPU.ActiveCfg = Debug|Any CPU
		{5E9AD453-24E8-45C1-96C9-633A65D8ACA7}.Debug|Any CPU.Build.0 = Debug|Any CPU
		{5E9AD453-24E8-45C1-96C9-633A65D8ACA7}.Release|Any CPU.ActiveCfg = Release|Any CPU
		{5E9AD453-24E8-45C1-96C9-633A65D8ACA7}.Release|Any CPU.Build.0 = Release|Any CPU
		{C3AFB3E8-0C40-4955-82B8-60A903C72B01}.Debug|Any CPU.ActiveCfg = Debug|Any CPU
		{C3AFB3E8-0C40-4955-82B8-60A903C72B01}.Debug|Any CPU.Build.0 = Debug|Any CPU
		{C3AFB3E8-0C40-4955-82B8-60A903C72B01}.Release|Any CPU.ActiveCfg = Release|Any CPU
		{C3AFB3E8-0C40-4955-82B8-60A903C72B01}.Release|Any CPU.Build.0 = Release|Any CPU
	EndGlobalSection
	GlobalSection(SolutionProperties) = preSolution
		HideSolutionNode = FALSE
	EndGlobalSection
	GlobalSection(ExtensibilityGlobals) = postSolution
		SolutionGuid = {0AE2516C-0B25-4121-B9E2-F9EB0C79AB4A}
	EndGlobalSection
EndGlobal
